
Microsoft Visual Studio Solution File, Format Version 12.00
# Visual Studio Version 17
VisualStudioVersion = 17.5.33516.290
MinimumVisualStudioVersion = 10.0.40219.1
Project("{FAE04EC0-301F-11D3-BF4B-00C04F79EFBC}") = "course", "course\course.csproj", "{2840067B-01A0-421F-9EF4-F52C28499A1C}"
EndProject
Global
	GlobalSection(SolutionConfigurationPlatforms) = preSolution
		Debug|Any CPU = Debug|Any CPU
		Release|Any CPU = Release|Any CPU
	EndGlobalSection
	GlobalSection(ProjectConfigurationPlatforms) = postSolution
		{2840067B-01A0-421F-9EF4-F52C28499A1C}.Debug|Any CPU.ActiveCfg = Debug|Any CPU
		{2840067B-01A0-421F-9EF4-F52C28499A1C}.Debug|Any CPU.Build.0 = Debug|Any CPU
		{2840067B-01A0-421F-9EF4-F52C28499A1C}.Release|Any CPU.ActiveCfg = Release|Any CPU
		{2840067B-01A0-421F-9EF4-F52C28499A1C}.Release|Any CPU.Build.0 = Release|Any CPU
	EndGlobalSection
	GlobalSection(SolutionProperties) = preSolution
		HideSolutionNode = FALSE
	EndGlobalSection
	GlobalSection(ExtensibilityGlobals) = postSolution
		SolutionGuid = {EBF9144C-4FB4-4AE1-AE24-D116DAA7004C}
	EndGlobalSection
EndGlobal
